{
  "name": "7cf525d1e16b4e35",
  "lockfileVersion": 3,
  "requires": true,
  "packages": {
    "": {
      "dependencies": {
        "pod-install": "^0.3.4"
      }
    },
    "node_modules/pod-install": {
      "version": "0.3.4",
      "resolved": "https://registry.npmjs.org/pod-install/-/pod-install-0.3.4.tgz",
      "integrity": "sha512-I6ObV36HNvbM5/QI8IEZ61ot41p8eBB9Zm0Bc9Sw99v9JzdNvwxg6IS2ZbZbJ0KvLWnUCIL1mIiFhJTLVF5r1w==",
      "license": "MIT",
      "bin": {
        "pod-install": "build/index.js"
      }
    }
  }
}
